
Microsoft Visual Studio Solution File, Format Version 12.00
# Visual Studio 15
VisualStudioVersion = 15.0.27428.2027
MinimumVisualStudioVersion = 10.0.40219.1
Project("{8BC9CEB8-8B4A-11D0-8D11-00A0C91BC942}") = "Assistant", "Assistant\Assistant.vcxproj", "{998F7A59-0FA7-491D-B049-A9624393F840}"
EndProject
Global
	GlobalSection(SolutionConfigurationPlatforms) = preSolution
		Debug|x64 = Debug|x64
		Debug|x86 = Debug|x86
		Release|x64 = Release|x64
		Release|x86 = Release|x86
	EndGlobalSection
	GlobalSection(ProjectConfigurationPlatforms) = postSolution
		{998F7A59-0FA7-491D-B049-A9624393F840}.Debug|x64.ActiveCfg = Debug|x64
		{998F7A59-0FA7-491D-B049-A9624393F840}.Debug|x64.Build.0 = Debug|x64
		{998F7A59-0FA7-491D-B049-A9624393F840}.Debug|x86.ActiveCfg = Debug|Win32
		{998F7A59-0FA7-491D-B049-A9624393F840}.Debug|x86.Build.0 = Debug|Win32
		{998F7A59-0FA7-491D-B049-A9624393F840}.Release|x64.ActiveCfg = Release|x64
		{998F7A59-0FA7-491D-B049-A9624393F840}.Release|x64.Build.0 = Release|x64
		{998F7A59-0FA7-491D-B049-A9624393F840}.Release|x86.ActiveCfg = Release|Win32
		{998F7A59-0FA7-491D-B049-A9624393F840}.Release|x86.Build.0 = Release|Win32
	EndGlobalSection
	GlobalSection(SolutionProperties) = preSolution
		HideSolutionNode = FALSE
	EndGlobalSection
	GlobalSection(ExtensibilityGlobals) = postSolution
		SolutionGuid = {23FB17EC-38C2-4122-9D12-6E2A11D9F7AF}
	EndGlobalSection
EndGlobal
